
Microsoft Visual Studio Solution File, Format Version 12.00
# Visual Studio 15
VisualStudioVersion = 15.0.28307.421
MinimumVisualStudioVersion = 10.0.40219.1
Project("{888888A0-9F3D-457C-B088-3A5042F75D52}") = "ModMyFactoryCMD", "ModMyFactoryCMD\ModMyFactoryCMD.pyproj", "{1DA8E162-FB0A-4C98-9512-F946AD3366C6}"
EndProject
Global
	GlobalSection(SolutionConfigurationPlatforms) = preSolution
		Debug|Any CPU = Debug|Any CPU
		Release|Any CPU = Release|Any CPU
	EndGlobalSection
	GlobalSection(ProjectConfigurationPlatforms) = postSolution
		{1DA8E162-FB0A-4C98-9512-F946AD3366C6}.Debug|Any CPU.ActiveCfg = Debug|Any CPU
		{1DA8E162-FB0A-4C98-9512-F946AD3366C6}.Release|Any CPU.ActiveCfg = Release|Any CPU
	EndGlobalSection
	GlobalSection(SolutionProperties) = preSolution
		HideSolutionNode = FALSE
	EndGlobalSection
	GlobalSection(ExtensibilityGlobals) = postSolution
		SolutionGuid = {ED672026-3356-4D75-8274-5163D640E90E}
	EndGlobalSection
EndGlobal
